// !$*UTF8*$!
{
	archiveVersion = 1;
	classes = {
	};
	objectVersion = 48;
	objects = {

/* Begin PBXBuildFile section */
		75C5F4A321F3442F0098E610 /* AppDelegate.swift in Sources */ = {isa = PBXBuildFile; fileRef = 75C5F4A221F3442F0098E610 /* AppDelegate.swift */; };
		75C5F4A521F3442F0098E610 /* ViewController.swift in Sources */ = {isa = PBXBuildFile; fileRef = 75C5F4A421F3442F0098E610 /* ViewController.swift */; };
		75C5F4A821F344300098E610 /* Main.storyboard in Resources */ = {isa = PBXBuildFile; fileRef = 75C5F4A621F344300098E610 /* Main.storyboard */; };
		75C5F4AB21F344300098E610 /* Check_Reachability_Swift.xcdatamodeld in Sources */ = {isa = PBXBuildFile; fileRef = 75C5F4A921F344300098E610 /* Check_Reachability_Swift.xcdatamodeld */; };
		75C5F4AD21F344300098E610 /* Assets.xcassets in Resources */ = {isa = PBXBuildFile; fileRef = 75C5F4AC21F344300098E610 /* Assets.xcassets */; };
		75C5F4B021F344300098E610 /* LaunchScreen.storyboard in Resources */ = {isa = PBXBuildFile; fileRef = 75C5F4AE21F344300098E610 /* LaunchScreen.storyboard */; };
		75C5F4BB21F344300098E610 /* Check_Reachability_SwiftTests.swift in Sources */ = {isa = PBXBuildFile; fileRef = 75C5F4BA21F344300098E610 /* Check_Reachability_SwiftTests.swift */; };
		75C5F4C621F344300098E610 /* Check_Reachability_SwiftUITests.swift in Sources */ = {isa = PBXBuildFile; fileRef = 75C5F4C521F344300098E610 /* Check_Reachability_SwiftUITests.swift */; };
		75C5F4D421F344740098E610 /* Reachability.swift in Sources */ = {isa = PBXBuildFile; fileRef = 75C5F4D321F344740098E610 /* Reachability.swift */; };
/* End PBXBuildFile section */

/* Begin PBXContainerItemProxy section */
		75C5F4B721F344300098E610 /* PBXContainerItemProxy */ = {
			isa = PBXContainerItemProxy;
			containerPortal = 75C5F49721F3442F0098E610 /* Project object */;
			proxyType = 1;
			remoteGlobalIDString = 75C5F49E21F3442F0098E610;
			remoteInfo = Check_Reachability_Swift;
		};
		75C5F4C221F344300098E610 /* PBXContainerItemProxy */ = {
			isa = PBXContainerItemProxy;
			containerPortal = 75C5F49721F3442F0098E610 /* Project object */;
			proxyType = 1;
			remoteGlobalIDString = 75C5F49E21F3442F0098E610;
			remoteInfo = Check_Reachability_Swift;
		};
/* End PBXContainerItemProxy section */

/* Begin PBXFileReference section */
		75C5F49F21F3442F0098E610 /* Check_Reachability_Swift.app */ = {isa = PBXFileReference; explicitFileType = wrapper.application; includeInIndex = 0; path = Check_Reachability_Swift.app; sourceTree = BUILT_PRODUCTS_DIR; };
		75C5F4A221F3442F0098E610 /* AppDelegate.swift */ = {isa = PBXFileReference; lastKnownFileType = sourcecode.swift; path = AppDelegate.swift; sourceTree = "<group>"; };
		75C5F4A421F3442F0098E610 /* ViewController.swift */ = {isa = PBXFileReference; lastKnownFileType = sourcecode.swift; path = ViewController.swift; sourceTree = "<group>"; };
		75C5F4A721F344300098E610 /* Base */ = {isa = PBXFileReference; lastKnownFileType = file.storyboard; name = Base; path = Base.lproj/Main.storyboard; sourceTree = "<group>"; };
		75C5F4AA21F344300098E610 /* Check_Reachability_Swift.xcdatamodel */ = {isa = PBXFileReference; lastKnownFileType = wrapper.xcdatamodel; path = Check_Reachability_Swift.xcdatamodel; sourceTree = "<group>"; };
		75C5F4AC21F344300098E610 /* Assets.xcassets */ = {isa = PBXFileReference; lastKnownFileType = folder.assetcatalog; path = Assets.xcassets; sourceTree = "<group>"; };
		75C5F4AF21F344300098E610 /* Base */ = {isa = PBXFileReference; lastKnownFileType = file.storyboard; name = Base; path = Base.lproj/LaunchScreen.storyboard; sourceTree = "<group>"; };
		75C5F4B121F344300098E610 /* Info.plist */ = {isa = PBXFileReference; lastKnownFileType = text.plist.xml; path = Info.plist; sourceTree = "<group>"; };
		75C5F4B621F344300098E610 /* Check_Reachability_SwiftTests.xctest */ = {isa = PBXFileReference; explicitFileType = wrapper.cfbundle; includeInIndex = 0; path = Check_Reachability_SwiftTests.xctest; sourceTree = BUILT_PRODUCTS_DIR; };
		75C5F4BA21F344300098E610 /* Check_Reachability_SwiftTests.swift */ = {isa = PBXFileReference; lastKnownFileType = sourcecode.swift; path = Check_Reachability_SwiftTests.swift; sourceTree = "<group>"; };
		75C5F4BC21F344300098E610 /* Info.plist */ = {isa = PBXFileReference; lastKnownFileType = text.plist.xml; path = Info.plist; sourceTree = "<group>"; };
		75C5F4C121F344300098E610 /* Check_Reachability_SwiftUITests.xctest */ = {isa = PBXFileReference; explicitFileType = wrapper.cfbundle; includeInIndex = 0; path = Check_Reachability_SwiftUITests.xctest; sourceTree = BUILT_PRODUCTS_DIR; };
		75C5F4C521F344300098E610 /* Check_Reachability_SwiftUITests.swift */ = {isa = PBXFileReference; lastKnownFileType = sourcecode.swift; path = Check_Reachability_SwiftUITests.swift; sourceTree = "<group>"; };
		75C5F4C721F344300098E610 /* Info.plist */ = {isa = PBXFileReference; lastKnownFileType = text.plist.xml; path = Info.plist; sourceTree = "<group>"; };
		75C5F4D321F344740098E610 /* Reachability.swift */ = {isa = PBXFileReference; fileEncoding = 4; lastKnownFileType = sourcecode.swift; path = Reachability.swift; sourceTree = "<group>"; };
/* End PBXFileReference section */

/* Begin PBXFrameworksBuildPhase section */
		75C5F49C21F3442F0098E610 /* Frameworks */ = {
			isa = PBXFrameworksBuildPhase;
			buildActionMask = 2147483647;
			files = (
			);
			runOnlyForDeploymentPostprocessing = 0;
		};
		75C5F4B321F344300098E610 /* Frameworks */ = {
			isa = PBXFrameworksBuildPhase;
			buildActionMask = 2147483647;
			files = (
			);
			runOnlyForDeploymentPostprocessing = 0;
		};
		75C5F4BE21F344300098E610 /* Frameworks */ = {
			isa = PBXFrameworksBuildPhase;
			buildActionMask = 2147483647;
			files = (
			);
			runOnlyForDeploymentPostprocessing = 0;
		};
/* End PBXFrameworksBuildPhase section */

/* Begin PBXGroup section */
		75C5F49621F3442F0098E610 = {
			isa = PBXGroup;
			children = (
				75C5F4A121F3442F0098E610 /* Check_Reachability_Swift */,
				75C5F4B921F344300098E610 /* Check_Reachability_SwiftTests */,
				75C5F4C421F344300098E610 /* Check_Reachability_SwiftUITests */,
				75C5F4A021F3442F0098E610 /* Products */,
			);
			sourceTree = "<group>";
		};
		75C5F4A021F3442F0098E610 /* Products */ = {
			isa = PBXGroup;
			children = (
				75C5F49F21F3442F0098E610 /* Check_Reachability_Swift.app */,
				75C5F4B621F344300098E610 /* Check_Reachability_SwiftTests.xctest */,
				75C5F4C121F344300098E610 /* Check_Reachability_SwiftUITests.xctest */,
			);
			name = Products;
			sourceTree = "<group>";
		};
		75C5F4A121F3442F0098E610 /* Check_Reachability_Swift */ = {
			isa = PBXGroup;
			children = (
				75C5F4D321F344740098E610 /* Reachability.swift */,
				75C5F4A221F3442F0098E610 /* AppDelegate.swift */,
				75C5F4A421F3442F0098E610 /* ViewController.swift */,
				75C5F4A621F344300098E610 /* Main.storyboard */,
				75C5F4AC21F344300098E610 /* Assets.xcassets */,
				75C5F4AE21F344300098E610 /* LaunchScreen.storyboard */,
				75C5F4B121F344300098E610 /* Info.plist */,
				75C5F4A921F344300098E610 /* Check_Reachability_Swift.xcdatamodeld */,
			);
			path = Check_Reachability_Swift;
			sourceTree = "<group>";
		};
		75C5F4B921F344300098E610 /* Check_Reachability_SwiftTests */ = {
			isa = PBXGroup;
			children = (
				75C5F4BA21F344300098E610 /* Check_Reachability_SwiftTests.swift */,
				75C5F4BC21F344300098E610 /* Info.plist */,
			);
			path = Check_Reachability_SwiftTests;
			sourceTree = "<group>";
		};
		75C5F4C421F344300098E610 /* Check_Reachability_SwiftUITests */ = {
			isa = PBXGroup;
			children = (
				75C5F4C521F344300098E610 /* Check_Reachability_SwiftUITests.swift */,
				75C5F4C721F344300098E610 /* Info.plist */,
			);
			path = Check_Reachability_SwiftUITests;
			sourceTree = "<group>";
		};
/* End PBXGroup section */

/* Begin PBXNativeTarget section */
		75C5F49E21F3442F0098E610 /* Check_Reachability_Swift */ = {
			isa = PBXNativeTarget;
			buildConfigurationList = 75C5F4CA21F344300098E610 /* Build configuration list for PBXNativeTarget "Check_Reachability_Swift" */;
			buildPhases = (
				75C5F49B21F3442F0098E610 /* Sources */,
				75C5F49C21F3442F0098E610 /* Frameworks */,
				75C5F49D21F3442F0098E610 /* Resources */,
			);
			buildRules = (
			);
			dependencies = (
			);
			name = Check_Reachability_Swift;
			productName = Check_Reachability_Swift;
			productReference = 75C5F49F21F3442F0098E610 /* Check_Reachability_Swift.app */;
			productType = "com.apple.product-type.application";
		};
		75C5F4B521F344300098E610 /* Check_Reachability_SwiftTests */ = {
			isa = PBXNativeTarget;
			buildConfigurationList = 75C5F4CD21F344300098E610 /* Build configuration list for PBXNativeTarget "Check_Reachability_SwiftTests" */;
			buildPhases = (
				75C5F4B221F344300098E610 /* Sources */,
				75C5F4B321F344300098E610 /* Frameworks */,
				75C5F4B421F344300098E610 /* Resources */,
			);
			buildRules = (
			);
			dependencies = (
				75C5F4B821F344300098E610 /* PBXTargetDependency */,
			);
			name = Check_Reachability_SwiftTests;
			productName = Check_Reachability_SwiftTests;
			productReference = 75C5F4B621F344300098E610 /* Check_Reachability_SwiftTests.xctest */;
			productType = "com.apple.product-type.bundle.unit-test";
		};
		75C5F4C021F344300098E610 /* Check_Reachability_SwiftUITests */ = {
			isa = PBXNativeTarget;
			buildConfigurationList = 75C5F4D021F344300098E610 /* Build configuration list for PBXNativeTarget "Check_Reachability_SwiftUITests" */;
			buildPhases = (
				75C5F4BD21F344300098E610 /* Sources */,
				75C5F4BE21F344300098E610 /* Frameworks */,
				75C5F4BF21F344300098E610 /* Resources */,
			);
			buildRules = (
			);
			dependencies = (
				75C5F4C321F344300098E610 /* PBXTargetDependency */,
			);
			name = Check_Reachability_SwiftUITests;
			productName = Check_Reachability_SwiftUITests;
			productReference = 75C5F4C121F344300098E610 /* Check_Reachability_SwiftUITests.xctest */;
			productType = "com.apple.product-type.bundle.ui-testing";
		};
/* End PBXNativeTarget section */

/* Begin PBXProject section */
		75C5F49721F3442F0098E610 /* Project object */ = {
			isa = PBXProject;
			attributes = {
				LastSwiftUpdateCheck = 0920;
				LastUpgradeCheck = 0920;
				ORGANIZATIONNAME = "DeEp KapaDia";
				TargetAttributes = {
					75C5F49E21F3442F0098E610 = {
						CreatedOnToolsVersion = 9.2;
						ProvisioningStyle = Automatic;
					};
					75C5F4B521F344300098E610 = {
						CreatedOnToolsVersion = 9.2;
						ProvisioningStyle = Automatic;
						TestTargetID = 75C5F49E21F3442F0098E610;
					};
					75C5F4C021F344300098E610 = {
						CreatedOnToolsVersion = 9.2;
						ProvisioningStyle = Automatic;
						TestTargetID = 75C5F49E21F3442F0098E610;
					};
				};
			};
			buildConfigurationList = 75C5F49A21F3442F0098E610 /* Build configuration list for PBXProject "Check_Reachability_Swift" */;
			compatibilityVersion = "Xcode 8.0";
			developmentRegion = en;
			hasScannedForEncodings = 0;
			knownRegions = (
				en,
				Base,
			);
			mainGroup = 75C5F49621F3442F0098E610;
			productRefGroup = 75C5F4A021F3442F0098E610 /* Products */;
			projectDirPath = "";
			projectRoot = "";
			targets = (
				75C5F49E21F3442F0098E610 /* Check_Reachability_Swift */,
				75C5F4B521F344300098E610 /* Check_Reachability_SwiftTests */,
				75C5F4C021F344300098E610 /* Check_Reachability_SwiftUITests */,
			);
		};
/* End PBXProject section */

/* Begin PBXResourcesBuildPhase section */
		75C5F49D21F3442F0098E610 /* Resources */ = {
			isa = PBXResourcesBuildPhase;
			buildActionMask = 2147483647;
			files = (
				75C5F4B021F344300098E610 /* LaunchScreen.storyboard in Resources */,
				75C5F4AD21F344300098E610 /* Assets.xcassets in Resources */,
				75C5F4A821F344300098E610 /* Main.storyboard in Resources */,
			);
			runOnlyForDeploymentPostprocessing = 0;
		};
		75C5F4B421F344300098E610 /* Resources */ = {
			isa = PBXResourcesBuildPhase;
			buildActionMask = 2147483647;
			files = (
			);
			runOnlyForDeploymentPostprocessing = 0;
		};
		75C5F4BF21F344300098E610 /* Resources */ = {
			isa = PBXResourcesBuildPhase;
			buildActionMask = 2147483647;
			files = (
			);
			runOnlyForDeploymentPostprocessing = 0;
		};
/* End PBXResourcesBuildPhase section */

/* Begin PBXSourcesBuildPhase section */
		75C5F49B21F3442F0098E610 /* Sources */ = {
			isa = PBXSourcesBuildPhase;
			buildActionMask = 2147483647;
			files = (
				75C5F4A521F3442F0098E610 /* ViewController.swift in Sources */,
				75C5F4AB21F344300098E610 /* Check_Reachability_Swift.xcdatamodeld in Sources */,
				75C5F4D421F344740098E610 /* Reachability.swift in Sources */,
				75C5F4A321F3442F0098E610 /* AppDelegate.swift in Sources */,
			);
			runOnlyForDeploymentPostprocessing = 0;
		};
		75C5F4B221F344300098E610 /* Sources */ = {
			isa = PBXSourcesBuildPhase;
			buildActionMask = 2147483647;
			files = (
				75C5F4BB21F344300098E610 /* Check_Reachability_SwiftTests.swift in Sources */,
			);
			runOnlyForDeploymentPostprocessing = 0;
		};
		75C5F4BD21F344300098E610 /* Sources */ = {
			isa = PBXSourcesBuildPhase;
			buildActionMask = 2147483647;
			files = (
				75C5F4C621F344300098E610 /* Check_Reachability_SwiftUITests.swift in Sources */,
			);
			runOnlyForDeploymentPostprocessing = 0;
		};
/* End PBXSourcesBuildPhase section */

/* Begin PBXTargetDependency section */
		75C5F4B821F344300098E610 /* PBXTargetDependency */ = {
			isa = PBXTargetDependency;
			target = 75C5F49E21F3442F0098E610 /* Check_Reachability_Swift */;
			targetProxy = 75C5F4B721F344300098E610 /* PBXContainerItemProxy */;
		};
		75C5F4C321F344300098E610 /* PBXTargetDependency */ = {
			isa = PBXTargetDependency;
			target = 75C5F49E21F3442F0098E610 /* Check_Reachability_Swift */;
			targetProxy = 75C5F4C221F344300098E610 /* PBXContainerItemProxy */;
		};
/* End PBXTargetDependency section */

/* Begin PBXVariantGroup section */
		75C5F4A621F344300098E610 /* Main.storyboard */ = {
			isa = PBXVariantGroup;
			children = (
				75C5F4A721F344300098E610 /* Base */,
			);
			name = Main.storyboard;
			sourceTree = "<group>";
		};
		75C5F4AE21F344300098E610 /* LaunchScreen.storyboard */ = {
			isa = PBXVariantGroup;
			children = (
				75C5F4AF21F344300098E610 /* Base */,
			);
			name = LaunchScreen.storyboard;
			sourceTree = "<group>";
		};
/* End PBXVariantGroup section */

/* Begin XCBuildConfiguration section */
		75C5F4C821F344300098E610 /* Debug */ = {
			isa = XCBuildConfiguration;
			buildSettings = {
				ALWAYS_SEARCH_USER_PATHS = NO;
				CLANG_ANALYZER_NONNULL = YES;
				CLANG_ANALYZER_NUMBER_OBJECT_CONVERSION = YES_AGGRESSIVE;
				CLANG_CXX_LANGUAGE_STANDARD = "gnu++14";
				CLANG_CXX_LIBRARY = "libc++";
				CLANG_ENABLE_MODULES = YES;
				CLANG_ENABLE_OBJC_ARC = YES;
				CLANG_WARN_BLOCK_CAPTURE_AUTORELEASING = YES;
				CLANG_WARN_BOOL_CONVERSION = YES;
				CLANG_WARN_COMMA = YES;
				CLANG_WARN_CONSTANT_CONVERSION = YES;
				CLANG_WARN_DIRECT_OBJC_ISA_USAGE = YES_ERROR;
				CLANG_WARN_DOCUMENTATION_COMMENTS = YES;
				CLANG_WARN_EMPTY_BODY = YES;
				CLANG_WARN_ENUM_CONVERSION = YES;
				CLANG_WARN_INFINITE_RECURSION = YES;
				CLANG_WARN_INT_CONVERSION = YES;
				CLANG_WARN_NON_LITERAL_NULL_CONVERSION = YES;
				CLANG_WARN_OBJC_LITERAL_CONVERSION = YES;
				CLANG_WARN_OBJC_ROOT_CLASS = YES_ERROR;
				CLANG_WARN_RANGE_LOOP_ANALYSIS = YES;
				CLANG_WARN_STRICT_PROTOTYPES = YES;
				CLANG_WARN_SUSPICIOUS_MOVE = YES;
				CLANG_WARN_UNGUARDED_AVAILABILITY = YES_AGGRESSIVE;
				CLANG_WARN_UNREACHABLE_CODE = YES;
				CLANG_WARN__DUPLICATE_METHOD_MATCH = YES;
				CODE_SIGN_IDENTITY = "iPhone Developer";
				COPY_PHASE_STRIP = NO;
				DEBUG_INFORMATION_FORMAT = dwarf;
				ENABLE_STRICT_OBJC_MSGSEND = YES;
				ENABLE_TESTABILITY = YES;
				GCC_C_LANGUAGE_STANDARD = gnu11;
				GCC_DYNAMIC_NO_PIC = NO;
				GCC_NO_COMMON_BLOCKS = YES;
				GCC_OPTIMIZATION_LEVEL = 0;
				GCC_PREPROCESSOR_DEFINITIONS = (
					"DEBUG=1",
					"$(inherited)",
				);
				GCC_WARN_64_TO_32_BIT_CONVERSION = YES;
				GCC_WARN_ABOUT_RETURN_TYPE = YES_ERROR;
				GCC_WARN_UNDECLARED_SELECTOR = YES;
				GCC_WARN_UNINITIALIZED_AUTOS = YES_AGGRESSIVE;
				GCC_WARN_UNUSED_FUNCTION = YES;
				GCC_WARN_UNUSED_VARIABLE = YES;
				IPHONEOS_DEPLOYMENT_TARGET = 11.2;
				MTL_ENABLE_DEBUG_INFO = YES;
				ONLY_ACTIVE_ARCH = YES;
				SDKROOT = iphoneos;
				SWIFT_ACTIVE_COMPILATION_CONDITIONS = DEBUG;
				SWIFT_OPTIMIZATION_LEVEL = "-Onone";
			};
			name = Debug;
		};
		75C5F4C921F344300098E610 /* Release */ = {
			isa = XCBuildConfiguration;
			buildSettings = {
				ALWAYS_SEARCH_USER_PATHS = NO;
				CLANG_ANALYZER_NONNULL = YES;
				CLANG_ANALYZER_NUMBER_OBJECT_CONVERSION = YES_AGGRESSIVE;
				CLANG_CXX_LANGUAGE_STANDARD = "gnu++14";
				CLANG_CXX_LIBRARY = "libc++";
				CLANG_ENABLE_MODULES = YES;
				CLANG_ENABLE_OBJC_ARC = YES;
				CLANG_WARN_BLOCK_CAPTURE_AUTORELEASING = YES;
				CLANG_WARN_BOOL_CONVERSION = YES;
				CLANG_WARN_COMMA = YES;
				CLANG_WARN_CONSTANT_CONVERSION = YES;
				CLANG_WARN_DIRECT_OBJC_ISA_USAGE = YES_ERROR;
				CLANG_WARN_DOCUMENTATION_COMMENTS = YES;
				CLANG_WARN_EMPTY_BODY = YES;
				CLANG_WARN_ENUM_CONVERSION = YES;
				CLANG_WARN_INFINITE_RECURSION = YES;
				CLANG_WARN_INT_CONVERSION = YES;
				CLANG_WARN_NON_LITERAL_NULL_CONVERSION = YES;
				CLANG_WARN_OBJC_LITERAL_CONVERSION = YES;
				CLANG_WARN_OBJC_ROOT_CLASS = YES_ERROR;
				CLANG_WARN_RANGE_LOOP_ANALYSIS = YES;
				CLANG_WARN_STRICT_PROTOTYPES = YES;
				CLANG_WARN_SUSPICIOUS_MOVE = YES;
				CLANG_WARN_UNGUARDED_AVAILABILITY = YES_AGGRESSIVE;
				CLANG_WARN_UNREACHABLE_CODE = YES;
				CLANG_WARN__DUPLICATE_METHOD_MATCH = YES;
				CODE_SIGN_IDENTITY = "iPhone Developer";
				COPY_PHASE_STRIP = NO;
				DEBUG_INFORMATION_FORMAT = "dwarf-with-dsym";
				ENABLE_NS_ASSERTIONS = NO;
				ENABLE_STRICT_OBJC_MSGSEND = YES;
				GCC_C_LANGUAGE_STANDARD = gnu11;
				GCC_NO_COMMON_BLOCKS = YES;
				GCC_WARN_64_TO_32_BIT_CONVERSION = YES;
				GCC_WARN_ABOUT_RETURN_TYPE = YES_ERROR;
				GCC_WARN_UNDECLARED_SELECTOR = YES;
				GCC_WARN_UNINITIALIZED_AUTOS = YES_AGGRESSIVE;
				GCC_WARN_UNUSED_FUNCTION = YES;
				GCC_WARN_UNUSED_VARIABLE = YES;
				IPHONEOS_DEPLOYMENT_TARGET = 11.2;
				MTL_ENABLE_DEBUG_INFO = NO;
				SDKROOT = iphoneos;
				SWIFT_OPTIMIZATION_LEVEL = "-Owholemodule";
				VALIDATE_PRODUCT = YES;
			};
			name = Release;
		};
		75C5F4CB21F344300098E610 /* Debug */ = {
			isa = XCBuildConfiguration;
			buildSettings = {
				ASSETCATALOG_COMPILER_APPICON_NAME = AppIcon;
				CODE_SIGN_STYLE = Automatic;
				INFOPLIST_FILE = Check_Reachability_Swift/Info.plist;
				LD_RUNPATH_SEARCH_PATHS = "$(inherited) @executable_path/Frameworks";
				PRODUCT_BUNDLE_IDENTIFIER = "Project.Check-Reachability-Swift";
				PRODUCT_NAME = "$(TARGET_NAME)";
				SWIFT_VERSION = 4.0;
				TARGETED_DEVICE_FAMILY = "1,2";
			};
			name = Debug;
		};
		75C5F4CC21F344300098E610 /* Release */ = {
			isa = XCBuildConfiguration;
			buildSettings = {
				ASSETCATALOG_COMPILER_APPICON_NAME = AppIcon;
				CODE_SIGN_STYLE = Automatic;
				INFOPLIST_FILE = Check_Reachability_Swift/Info.plist;
				LD_RUNPATH_SEARCH_PATHS = "$(inherited) @executable_path/Frameworks";
				PRODUCT_BUNDLE_IDENTIFIER = "Project.Check-Reachability-Swift";
				PRODUCT_NAME = "$(TARGET_NAME)";
				SWIFT_VERSION = 4.0;
				TARGETED_DEVICE_FAMILY = "1,2";
			};
			name = Release;
		};
		75C5F4CE21F344300098E610 /* Debug */ = {
			isa = XCBuildConfiguration;
			buildSettings = {
				ALWAYS_EMBED_SWIFT_STANDARD_LIBRARIES = YES;
				BUNDLE_LOADER = "$(TEST_HOST)";
				CODE_SIGN_STYLE = Automatic;
				INFOPLIST_FILE = Check_Reachability_SwiftTests/Info.plist;
				LD_RUNPATH_SEARCH_PATHS = "$(inherited) @executable_path/Frameworks @loader_path/Frameworks";
				PRODUCT_BUNDLE_IDENTIFIER = "Project.Check-Reachability-SwiftTests";
				PRODUCT_NAME = "$(TARGET_NAME)";
				SWIFT_VERSION = 4.0;
				TARGETED_DEVICE_FAMILY = "1,2";
				TEST_HOST = "$(BUILT_PRODUCTS_DIR)/Check_Reachability_Swift.app/Check_Reachability_Swift";
			};
			name = Debug;
		};
		75C5F4CF21F344300098E610 /* Release */ = {
			isa = XCBuildConfiguration;
			buildSettings = {
				ALWAYS_EMBED_SWIFT_STANDARD_LIBRARIES = YES;
				BUNDLE_LOADER = "$(TEST_HOST)";
				CODE_SIGN_STYLE = Automatic;
				INFOPLIST_FILE = Check_Reachability_SwiftTests/Info.plist;
				LD_RUNPATH_SEARCH_PATHS = "$(inherited) @executable_path/Frameworks @loader_path/Frameworks";
				PRODUCT_BUNDLE_IDENTIFIER = "Project.Check-Reachability-SwiftTests";
				PRODUCT_NAME = "$(TARGET_NAME)";
				SWIFT_VERSION = 4.0;
				TARGETED_DEVICE_FAMILY = "1,2";
				TEST_HOST = "$(BUILT_PRODUCTS_DIR)/Check_Reachability_Swift.app/Check_Reachability_Swift";
			};
			name = Release;
		};
		75C5F4D121F344300098E610 /* Debug */ = {
			isa = XCBuildConfiguration;
			buildSettings = {
				ALWAYS_EMBED_SWIFT_STANDARD_LIBRARIES = YES;
				CODE_SIGN_STYLE = Automatic;
				INFOPLIST_FILE = Check_Reachability_SwiftUITests/Info.plist;
				LD_RUNPATH_SEARCH_PATHS = "$(inherited) @executable_path/Frameworks @loader_path/Frameworks";
				PRODUCT_BUNDLE_IDENTIFIER = "Project.Check-Reachability-SwiftUITests";
				PRODUCT_NAME = "$(TARGET_NAME)";
				SWIFT_VERSION = 4.0;
				TARGETED_DEVICE_FAMILY = "1,2";
				TEST_TARGET_NAME = Check_Reachability_Swift;
			};
			name = Debug;
		};
		75C5F4D221F344300098E610 /* Release */ = {
			isa = XCBuildConfiguration;
			buildSettings = {
				ALWAYS_EMBED_SWIFT_STANDARD_LIBRARIES = YES;
				CODE_SIGN_STYLE = Automatic;
				INFOPLIST_FILE = Check_Reachability_SwiftUITests/Info.plist;
				LD_RUNPATH_SEARCH_PATHS = "$(inherited) @executable_path/Frameworks @loader_path/Frameworks";
				PRODUCT_BUNDLE_IDENTIFIER = "Project.Check-Reachability-SwiftUITests";
				PRODUCT_NAME = "$(TARGET_NAME)";
				SWIFT_VERSION = 4.0;
				TARGETED_DEVICE_FAMILY = "1,2";
				TEST_TARGET_NAME = Check_Reachability_Swift;
			};
			name = Release;
		};
/* End XCBuildConfiguration section */

/* Begin XCConfigurationList section */
		75C5F49A21F3442F0098E610 /* Build configuration list for PBXProject "Check_Reachability_Swift" */ = {
			isa = XCConfigurationList;
			buildConfigurations = (
				75C5F4C821F344300098E610 /* Debug */,
				75C5F4C921F344300098E610 /* Release */,
			);
			defaultConfigurationIsVisible = 0;
			defaultConfigurationName = Release;
		};
		75C5F4CA21F344300098E610 /* Build configuration list for PBXNativeTarget "Check_Reachability_Swift" */ = {
			isa = XCConfigurationList;
			buildConfigurations = (
				75C5F4CB21F344300098E610 /* Debug */,
				75C5F4CC21F344300098E610 /* Release */,
			);
			defaultConfigurationIsVisible = 0;
			defaultConfigurationName = Release;
		};
		75C5F4CD21F344300098E610 /* Build configuration list for PBXNativeTarget "Check_Reachability_SwiftTests" */ = {
			isa = XCConfigurationList;
			buildConfigurations = (
				75C5F4CE21F344300098E610 /* Debug */,
				75C5F4CF21F344300098E610 /* Release */,
			);
			defaultConfigurationIsVisible = 0;
			defaultConfigurationName = Release;
		};
		75C5F4D021F344300098E610 /* Build configuration list for PBXNativeTarget "Check_Reachability_SwiftUITests" */ = {
			isa = XCConfigurationList;
			buildConfigurations = (
				75C5F4D121F344300098E610 /* Debug */,
				75C5F4D221F344300098E610 /* Release */,
			);
			defaultConfigurationIsVisible = 0;
			defaultConfigurationName = Release;
		};
/* End XCConfigurationList section */

/* Begin XCVersionGroup section */
		75C5F4A921F344300098E610 /* Check_Reachability_Swift.xcdatamodeld */ = {
			isa = XCVersionGroup;
			children = (
				75C5F4AA21F344300098E610 /* Check_Reachability_Swift.xcdatamodel */,
			);
			currentVersion = 75C5F4AA21F344300098E610 /* Check_Reachability_Swift.xcdatamodel */;
			path = Check_Reachability_Swift.xcdatamodeld;
			sourceTree = "<group>";
			versionGroupType = wrapper.xcdatamodel;
		};
/* End XCVersionGroup section */
	};
	rootObject = 75C5F49721F3442F0098E610 /* Project object */;
}
